
Microsoft Visual Studio Solution File, Format Version 12.00
# Visual Studio Version 17
VisualStudioVersion = 17.4.33205.214
MinimumVisualStudioVersion = 10.0.40219.1
Project("{9A19103F-16F7-4668-BE54-9A1E7A4F7556}") = "TPS01-PingPong", "TPS01-PingPong\TPS01-PingPong.csproj", "{53BA2ECD-6796-4226-AFD6-9904E355401C}"
EndProject
Project("{9A19103F-16F7-4668-BE54-9A1E7A4F7556}") = "TPS02-Threading", "TPS02-Threading\TPS02-Threading.csproj", "{17DE12C7-9648-427F-A72B-377B41687366}"
EndProject
Project("{9A19103F-16F7-4668-BE54-9A1E7A4F7556}") = "TPS03-Asynchronous", "TPS03-Asynchronous\TPS03-Asynchronous.csproj", "{EE242250-99AA-4092-8C25-AF09335C2E77}"
EndProject
Project("{9A19103F-16F7-4668-BE54-9A1E7A4F7556}") = "TPS04-PingsPongs", "TPS04-PingsPongs\TPS04-PingsPongs.csproj", "{25A90290-0849-43A5-A1AA-A2889C082C26}"
EndProject
Project("{9A19103F-16F7-4668-BE54-9A1E7A4F7556}") = "TPS05-Classify", "TPS05-Classify\TPS05-Classify.csproj", "{E5AF057C-EE42-440F-9B3E-A904F144B573}"
EndProject
Project("{FAE04EC0-301F-11D3-BF4B-00C04F79EFBC}") = "TSP06-ThreadPool", "TSP06-ThreadPool\TSP06-ThreadPool.csproj", "{15C85C10-E42B-4AA1-ADE9-18C40A09FDCA}"
EndProject
Global
	GlobalSection(SolutionConfigurationPlatforms) = preSolution
		Debug|Any CPU = Debug|Any CPU
		Release|Any CPU = Release|Any CPU
	EndGlobalSection
	GlobalSection(ProjectConfigurationPlatforms) = postSolution
		{53BA2ECD-6796-4226-AFD6-9904E355401C}.Debug|Any CPU.ActiveCfg = Debug|Any CPU
		{53BA2ECD-6796-4226-AFD6-9904E355401C}.Debug|Any CPU.Build.0 = Debug|Any CPU
		{53BA2ECD-6796-4226-AFD6-9904E355401C}.Release|Any CPU.ActiveCfg = Release|Any CPU
		{53BA2ECD-6796-4226-AFD6-9904E355401C}.Release|Any CPU.Build.0 = Release|Any CPU
		{17DE12C7-9648-427F-A72B-377B41687366}.Debug|Any CPU.ActiveCfg = Debug|Any CPU
		{17DE12C7-9648-427F-A72B-377B41687366}.Debug|Any CPU.Build.0 = Debug|Any CPU
		{17DE12C7-9648-427F-A72B-377B41687366}.Release|Any CPU.ActiveCfg = Release|Any CPU
		{17DE12C7-9648-427F-A72B-377B41687366}.Release|Any CPU.Build.0 = Release|Any CPU
		{EE242250-99AA-4092-8C25-AF09335C2E77}.Debug|Any CPU.ActiveCfg = Debug|Any CPU
		{EE242250-99AA-4092-8C25-AF09335C2E77}.Debug|Any CPU.Build.0 = Debug|Any CPU
		{EE242250-99AA-4092-8C25-AF09335C2E77}.Release|Any CPU.ActiveCfg = Release|Any CPU
		{EE242250-99AA-4092-8C25-AF09335C2E77}.Release|Any CPU.Build.0 = Release|Any CPU
		{25A90290-0849-43A5-A1AA-A2889C082C26}.Debug|Any CPU.ActiveCfg = Debug|Any CPU
		{25A90290-0849-43A5-A1AA-A2889C082C26}.Debug|Any CPU.Build.0 = Debug|Any CPU
		{25A90290-0849-43A5-A1AA-A2889C082C26}.Release|Any CPU.ActiveCfg = Release|Any CPU
		{25A90290-0849-43A5-A1AA-A2889C082C26}.Release|Any CPU.Build.0 = Release|Any CPU
		{E5AF057C-EE42-440F-9B3E-A904F144B573}.Debug|Any CPU.ActiveCfg = Debug|Any CPU
		{E5AF057C-EE42-440F-9B3E-A904F144B573}.Debug|Any CPU.Build.0 = Debug|Any CPU
		{E5AF057C-EE42-440F-9B3E-A904F144B573}.Release|Any CPU.ActiveCfg = Release|Any CPU
		{E5AF057C-EE42-440F-9B3E-A904F144B573}.Release|Any CPU.Build.0 = Release|Any CPU
		{15C85C10-E42B-4AA1-ADE9-18C40A09FDCA}.Debug|Any CPU.ActiveCfg = Debug|Any CPU
		{15C85C10-E42B-4AA1-ADE9-18C40A09FDCA}.Debug|Any CPU.Build.0 = Debug|Any CPU
		{15C85C10-E42B-4AA1-ADE9-18C40A09FDCA}.Release|Any CPU.ActiveCfg = Release|Any CPU
		{15C85C10-E42B-4AA1-ADE9-18C40A09FDCA}.Release|Any CPU.Build.0 = Release|Any CPU
	EndGlobalSection
	GlobalSection(SolutionProperties) = preSolution
		HideSolutionNode = FALSE
	EndGlobalSection
	GlobalSection(ExtensibilityGlobals) = postSolution
		SolutionGuid = {11F85BAF-32D9-4E12-9A8E-97E1F6B8B042}
	EndGlobalSection
EndGlobal
